PODS:
  - JQCollectionViewAlignLayout (0.2.2)

DEPENDENCIES:
  - JQCollectionViewAlignLayout (from `../`)

EXTERNAL SOURCES:
  JQCollectionViewAlignLayout:
    :path: "../"

SPEC CHECKSUMS:
  JQCollectionViewAlignLayout: 43dbbb3635b3adfa4f1c74286268411882ca1f8b

PODFILE CHECKSUM: 682efa1407fc3556b7fc32c469f2c0ff6cb4422b

COCOAPODS: 1.10.1
