PODS:
  - JQCollectionViewAlignLayout (0.2.1)

DEPENDENCIES:
  - JQCollectionViewAlignLayout (from `../`)

EXTERNAL SOURCES:
  JQCollectionViewAlignLayout:
    :path: "../"

SPEC CHECKSUMS:
  JQCollectionViewAlignLayout: e026e9bbaf872b3c8003ff3f646f0d9f90f81d2b

PODFILE CHECKSUM: 63dc505278161c6d35573a58759e38041023d52b

COCOAPODS: 1.9.1
