// !$*UTF8*$!
{
	archiveVersion = 1;
	classes = {
	};
	objectVersion = 48;
	objects = {

/* Begin PBXBuildFile section */
		F39370EB1FF4ECB400969B22 /* AppDelegate.m in Sources */ = {isa = PBXBuildFile; fileRef = F39370EA1FF4ECB400969B22 /* AppDelegate.m */; };
		F39370EE1FF4ECB400969B22 /* ViewController.m in Sources */ = {isa = PBXBuildFile; fileRef = F39370ED1FF4ECB400969B22 /* ViewController.m */; };
		F39370F31FF4ECB400969B22 /* Assets.xcassets in Resources */ = {isa = PBXBuildFile; fileRef = F39370F21FF4ECB400969B22 /* Assets.xcassets */; };
		F39370F61FF4ECB400969B22 /* LaunchScreen.storyboard in Resources */ = {isa = PBXBuildFile; fileRef = F39370F41FF4ECB400969B22 /* LaunchScreen.storyboard */; };
		F39370F91FF4ECB400969B22 /* main.m in Sources */ = {isa = PBXBuildFile; fileRef = F39370F81FF4ECB400969B22 /* main.m */; };
		F39371021FF4ED4E00969B22 /* JQCollectionViewAlignLayout.m in Sources */ = {isa = PBXBuildFile; fileRef = F39371011FF4ED4E00969B22 /* JQCollectionViewAlignLayout.m */; };
		F3D5FCF71FFB240400238045 /* AlignmentCollectionHeaderView.m in Sources */ = {isa = PBXBuildFile; fileRef = F3D5FCF61FFB240400238045 /* AlignmentCollectionHeaderView.m */; };
/* End PBXBuildFile section */

/* Begin PBXFileReference section */
		F39370E61FF4ECB400969B22 /* JQCollectionViewAlignLayout-Demo.app */ = {isa = PBXFileReference; explicitFileType = wrapper.application; includeInIndex = 0; path = "JQCollectionViewAlignLayout-Demo.app"; sourceTree = BUILT_PRODUCTS_DIR; };
		F39370E91FF4ECB400969B22 /* AppDelegate.h */ = {isa = PBXFileReference; lastKnownFileType = sourcecode.c.h; path = AppDelegate.h; sourceTree = "<group>"; };
		F39370EA1FF4ECB400969B22 /* AppDelegate.m */ = {isa = PBXFileReference; lastKnownFileType = sourcecode.c.objc; path = AppDelegate.m; sourceTree = "<group>"; };
		F39370EC1FF4ECB400969B22 /* ViewController.h */ = {isa = PBXFileReference; lastKnownFileType = sourcecode.c.h; path = ViewController.h; sourceTree = "<group>"; };
		F39370ED1FF4ECB400969B22 /* ViewController.m */ = {isa = PBXFileReference; lastKnownFileType = sourcecode.c.objc; path = ViewController.m; sourceTree = "<group>"; };
		F39370F21FF4ECB400969B22 /* Assets.xcassets */ = {isa = PBXFileReference; lastKnownFileType = folder.assetcatalog; path = Assets.xcassets; sourceTree = "<group>"; };
		F39370F51FF4ECB400969B22 /* Base */ = {isa = PBXFileReference; lastKnownFileType = file.storyboard; name = Base; path = Base.lproj/LaunchScreen.storyboard; sourceTree = "<group>"; };
		F39370F71FF4ECB400969B22 /* Info.plist */ = {isa = PBXFileReference; lastKnownFileType = text.plist.xml; path = Info.plist; sourceTree = "<group>"; };
		F39370F81FF4ECB400969B22 /* main.m */ = {isa = PBXFileReference; lastKnownFileType = sourcecode.c.objc; path = main.m; sourceTree = "<group>"; };
		F39371001FF4ED4E00969B22 /* JQCollectionViewAlignLayout.h */ = {isa = PBXFileReference; lastKnownFileType = sourcecode.c.h; path = JQCollectionViewAlignLayout.h; sourceTree = "<group>"; };
		F39371011FF4ED4E00969B22 /* JQCollectionViewAlignLayout.m */ = {isa = PBXFileReference; lastKnownFileType = sourcecode.c.objc; path = JQCollectionViewAlignLayout.m; sourceTree = "<group>"; };
		F3D5FCF51FFB240400238045 /* AlignmentCollectionHeaderView.h */ = {isa = PBXFileReference; lastKnownFileType = sourcecode.c.h; path = AlignmentCollectionHeaderView.h; sourceTree = "<group>"; };
		F3D5FCF61FFB240400238045 /* AlignmentCollectionHeaderView.m */ = {isa = PBXFileReference; lastKnownFileType = sourcecode.c.objc; path = AlignmentCollectionHeaderView.m; sourceTree = "<group>"; };
/* End PBXFileReference section */

/* Begin PBXFrameworksBuildPhase section */
		F39370E31FF4ECB400969B22 /* Frameworks */ = {
			isa = PBXFrameworksBuildPhase;
			buildActionMask = 2147483647;
			files = (
			);
			runOnlyForDeploymentPostprocessing = 0;
		};
/* End PBXFrameworksBuildPhase section */

/* Begin PBXGroup section */
		F39370DD1FF4ECB400969B22 = {
			isa = PBXGroup;
			children = (
				F39370E81FF4ECB400969B22 /* JQCollectionViewAlignLayout-Demo */,
				F39370E71FF4ECB400969B22 /* Products */,
			);
			sourceTree = "<group>";
		};
		F39370E71FF4ECB400969B22 /* Products */ = {
			isa = PBXGroup;
			children = (
				F39370E61FF4ECB400969B22 /* JQCollectionViewAlignLayout-Demo.app */,
			);
			name = Products;
			sourceTree = "<group>";
		};
		F39370E81FF4ECB400969B22 /* JQCollectionViewAlignLayout-Demo */ = {
			isa = PBXGroup;
			children = (
				F39370FF1FF4ECFF00969B22 /* Layout */,
				F39370E91FF4ECB400969B22 /* AppDelegate.h */,
				F39370EA1FF4ECB400969B22 /* AppDelegate.m */,
				F39370EC1FF4ECB400969B22 /* ViewController.h */,
				F39370ED1FF4ECB400969B22 /* ViewController.m */,
				F3D5FCF51FFB240400238045 /* AlignmentCollectionHeaderView.h */,
				F3D5FCF61FFB240400238045 /* AlignmentCollectionHeaderView.m */,
				F39370F21FF4ECB400969B22 /* Assets.xcassets */,
				F39370F41FF4ECB400969B22 /* LaunchScreen.storyboard */,
				F39370F71FF4ECB400969B22 /* Info.plist */,
				F39370F81FF4ECB400969B22 /* main.m */,
			);
			path = "JQCollectionViewAlignLayout-Demo";
			sourceTree = "<group>";
		};
		F39370FF1FF4ECFF00969B22 /* Layout */ = {
			isa = PBXGroup;
			children = (
				F39371001FF4ED4E00969B22 /* JQCollectionViewAlignLayout.h */,
				F39371011FF4ED4E00969B22 /* JQCollectionViewAlignLayout.m */,
			);
			path = Layout;
			sourceTree = "<group>";
		};
/* End PBXGroup section */

/* Begin PBXNativeTarget section */
		F39370E51FF4ECB400969B22 /* JQCollectionViewAlignLayout-Demo */ = {
			isa = PBXNativeTarget;
			buildConfigurationList = F39370FC1FF4ECB400969B22 /* Build configuration list for PBXNativeTarget "JQCollectionViewAlignLayout-Demo" */;
			buildPhases = (
				F39370E21FF4ECB400969B22 /* Sources */,
				F39370E31FF4ECB400969B22 /* Frameworks */,
				F39370E41FF4ECB400969B22 /* Resources */,
			);
			buildRules = (
			);
			dependencies = (
			);
			name = "JQCollectionViewAlignLayout-Demo";
			productName = "JQCollectionViewAlignLayout-Demo";
			productReference = F39370E61FF4ECB400969B22 /* JQCollectionViewAlignLayout-Demo.app */;
			productType = "com.apple.product-type.application";
		};
/* End PBXNativeTarget section */

/* Begin PBXProject section */
		F39370DE1FF4ECB400969B22 /* Project object */ = {
			isa = PBXProject;
			attributes = {
				LastUpgradeCheck = 0900;
				ORGANIZATIONNAME = Joker;
				TargetAttributes = {
					F39370E51FF4ECB400969B22 = {
						CreatedOnToolsVersion = 9.0.1;
						ProvisioningStyle = Automatic;
					};
				};
			};
			buildConfigurationList = F39370E11FF4ECB400969B22 /* Build configuration list for PBXProject "JQCollectionViewAlignLayout-Demo" */;
			compatibilityVersion = "Xcode 8.0";
			developmentRegion = en;
			hasScannedForEncodings = 0;
			knownRegions = (
				en,
				Base,
			);
			mainGroup = F39370DD1FF4ECB400969B22;
			productRefGroup = F39370E71FF4ECB400969B22 /* Products */;
			projectDirPath = "";
			projectRoot = "";
			targets = (
				F39370E51FF4ECB400969B22 /* JQCollectionViewAlignLayout-Demo */,
			);
		};
/* End PBXProject section */

/* Begin PBXResourcesBuildPhase section */
		F39370E41FF4ECB400969B22 /* Resources */ = {
			isa = PBXResourcesBuildPhase;
			buildActionMask = 2147483647;
			files = (
				F39370F61FF4ECB400969B22 /* LaunchScreen.storyboard in Resources */,
				F39370F31FF4ECB400969B22 /* Assets.xcassets in Resources */,
			);
			runOnlyForDeploymentPostprocessing = 0;
		};
/* End PBXResourcesBuildPhase section */

/* Begin PBXSourcesBuildPhase section */
		F39370E21FF4ECB400969B22 /* Sources */ = {
			isa = PBXSourcesBuildPhase;
			buildActionMask = 2147483647;
			files = (
				F39370EE1FF4ECB400969B22 /* ViewController.m in Sources */,
				F39370F91FF4ECB400969B22 /* main.m in Sources */,
				F39370EB1FF4ECB400969B22 /* AppDelegate.m in Sources */,
				F3D5FCF71FFB240400238045 /* AlignmentCollectionHeaderView.m in Sources */,
				F39371021FF4ED4E00969B22 /* JQCollectionViewAlignLayout.m in Sources */,
			);
			runOnlyForDeploymentPostprocessing = 0;
		};
/* End PBXSourcesBuildPhase section */

/* Begin PBXVariantGroup section */
		F39370F41FF4ECB400969B22 /* LaunchScreen.storyboard */ = {
			isa = PBXVariantGroup;
			children = (
				F39370F51FF4ECB400969B22 /* Base */,
			);
			name = LaunchScreen.storyboard;
			sourceTree = "<group>";
		};
/* End PBXVariantGroup section */

/* Begin XCBuildConfiguration section */
		F39370FA1FF4ECB400969B22 /* Debug */ = {
			isa = XCBuildConfiguration;
			buildSettings = {
				ALWAYS_SEARCH_USER_PATHS = NO;
				CLANG_ANALYZER_NONNULL = YES;
				CLANG_ANALYZER_NUMBER_OBJECT_CONVERSION = YES_AGGRESSIVE;
				CLANG_CXX_LANGUAGE_STANDARD = "gnu++14";
				CLANG_CXX_LIBRARY = "libc++";
				CLANG_ENABLE_MODULES = YES;
				CLANG_ENABLE_OBJC_ARC = YES;
				CLANG_WARN_BLOCK_CAPTURE_AUTORELEASING = YES;
				CLANG_WARN_BOOL_CONVERSION = YES;
				CLANG_WARN_COMMA = YES;
				CLANG_WARN_CONSTANT_CONVERSION = YES;
				CLANG_WARN_DIRECT_OBJC_ISA_USAGE = YES_ERROR;
				CLANG_WARN_DOCUMENTATION_COMMENTS = YES;
				CLANG_WARN_EMPTY_BODY = YES;
				CLANG_WARN_ENUM_CONVERSION = YES;
				CLANG_WARN_INFINITE_RECURSION = YES;
				CLANG_WARN_INT_CONVERSION = YES;
				CLANG_WARN_NON_LITERAL_NULL_CONVERSION = YES;
				CLANG_WARN_OBJC_LITERAL_CONVERSION = YES;
				CLANG_WARN_OBJC_ROOT_CLASS = YES_ERROR;
				CLANG_WARN_RANGE_LOOP_ANALYSIS = YES;
				CLANG_WARN_STRICT_PROTOTYPES = YES;
				CLANG_WARN_SUSPICIOUS_MOVE = YES;
				CLANG_WARN_UNGUARDED_AVAILABILITY = YES_AGGRESSIVE;
				CLANG_WARN_UNREACHABLE_CODE = YES;
				CLANG_WARN__DUPLICATE_METHOD_MATCH = YES;
				CODE_SIGN_IDENTITY = "iPhone Developer";
				COPY_PHASE_STRIP = NO;
				DEBUG_INFORMATION_FORMAT = dwarf;
				ENABLE_STRICT_OBJC_MSGSEND = YES;
				ENABLE_TESTABILITY = YES;
				GCC_C_LANGUAGE_STANDARD = gnu11;
				GCC_DYNAMIC_NO_PIC = NO;
				GCC_NO_COMMON_BLOCKS = YES;
				GCC_OPTIMIZATION_LEVEL = 0;
				GCC_PREPROCESSOR_DEFINITIONS = (
					"DEBUG=1",
					"$(inherited)",
				);
				GCC_WARN_64_TO_32_BIT_CONVERSION = YES;
				GCC_WARN_ABOUT_RETURN_TYPE = YES_ERROR;
				GCC_WARN_UNDECLARED_SELECTOR = YES;
				GCC_WARN_UNINITIALIZED_AUTOS = YES_AGGRESSIVE;
				GCC_WARN_UNUSED_FUNCTION = YES;
				GCC_WARN_UNUSED_VARIABLE = YES;
				IPHONEOS_DEPLOYMENT_TARGET = 11.0;
				MTL_ENABLE_DEBUG_INFO = YES;
				ONLY_ACTIVE_ARCH = YES;
				SDKROOT = iphoneos;
			};
			name = Debug;
		};
		F39370FB1FF4ECB400969B22 /* Release */ = {
			isa = XCBuildConfiguration;
			buildSettings = {
				ALWAYS_SEARCH_USER_PATHS = NO;
				CLANG_ANALYZER_NONNULL = YES;
				CLANG_ANALYZER_NUMBER_OBJECT_CONVERSION = YES_AGGRESSIVE;
				CLANG_CXX_LANGUAGE_STANDARD = "gnu++14";
				CLANG_CXX_LIBRARY = "libc++";
				CLANG_ENABLE_MODULES = YES;
				CLANG_ENABLE_OBJC_ARC = YES;
				CLANG_WARN_BLOCK_CAPTURE_AUTORELEASING = YES;
				CLANG_WARN_BOOL_CONVERSION = YES;
				CLANG_WARN_COMMA = YES;
				CLANG_WARN_CONSTANT_CONVERSION = YES;
				CLANG_WARN_DIRECT_OBJC_ISA_USAGE = YES_ERROR;
				CLANG_WARN_DOCUMENTATION_COMMENTS = YES;
				CLANG_WARN_EMPTY_BODY = YES;
				CLANG_WARN_ENUM_CONVERSION = YES;
				CLANG_WARN_INFINITE_RECURSION = YES;
				CLANG_WARN_INT_CONVERSION = YES;
				CLANG_WARN_NON_LITERAL_NULL_CONVERSION = YES;
				CLANG_WARN_OBJC_LITERAL_CONVERSION = YES;
				CLANG_WARN_OBJC_ROOT_CLASS = YES_ERROR;
				CLANG_WARN_RANGE_LOOP_ANALYSIS = YES;
				CLANG_WARN_STRICT_PROTOTYPES = YES;
				CLANG_WARN_SUSPICIOUS_MOVE = YES;
				CLANG_WARN_UNGUARDED_AVAILABILITY = YES_AGGRESSIVE;
				CLANG_WARN_UNREACHABLE_CODE = YES;
				CLANG_WARN__DUPLICATE_METHOD_MATCH = YES;
				CODE_SIGN_IDENTITY = "iPhone Developer";
				COPY_PHASE_STRIP = NO;
				DEBUG_INFORMATION_FORMAT = "dwarf-with-dsym";
				ENABLE_NS_ASSERTIONS = NO;
				ENABLE_STRICT_OBJC_MSGSEND = YES;
				GCC_C_LANGUAGE_STANDARD = gnu11;
				GCC_NO_COMMON_BLOCKS = YES;
				GCC_WARN_64_TO_32_BIT_CONVERSION = YES;
				GCC_WARN_ABOUT_RETURN_TYPE = YES_ERROR;
				GCC_WARN_UNDECLARED_SELECTOR = YES;
				GCC_WARN_UNINITIALIZED_AUTOS = YES_AGGRESSIVE;
				GCC_WARN_UNUSED_FUNCTION = YES;
				GCC_WARN_UNUSED_VARIABLE = YES;
				IPHONEOS_DEPLOYMENT_TARGET = 11.0;
				MTL_ENABLE_DEBUG_INFO = NO;
				SDKROOT = iphoneos;
				VALIDATE_PRODUCT = YES;
			};
			name = Release;
		};
		F39370FD1FF4ECB400969B22 /* Debug */ = {
			isa = XCBuildConfiguration;
			buildSettings = {
				ASSETCATALOG_COMPILER_APPICON_NAME = AppIcon;
				CODE_SIGN_STYLE = Automatic;
				DEVELOPMENT_TEAM = 92MVBZK45G;
				INFOPLIST_FILE = "JQCollectionViewAlignLayout-Demo/Info.plist";
				IPHONEOS_DEPLOYMENT_TARGET = 8.0;
				LD_RUNPATH_SEARCH_PATHS = "$(inherited) @executable_path/Frameworks";
				PRODUCT_BUNDLE_IDENTIFIER = "me.coder-zjq.JQCollectionViewAlignLayout-Demo";
				PRODUCT_NAME = "$(TARGET_NAME)";
				TARGETED_DEVICE_FAMILY = 1;
			};
			name = Debug;
		};
		F39370FE1FF4ECB400969B22 /* Release */ = {
			isa = XCBuildConfiguration;
			buildSettings = {
				ASSETCATALOG_COMPILER_APPICON_NAME = AppIcon;
				CODE_SIGN_STYLE = Automatic;
				DEVELOPMENT_TEAM = 92MVBZK45G;
				INFOPLIST_FILE = "JQCollectionViewAlignLayout-Demo/Info.plist";
				IPHONEOS_DEPLOYMENT_TARGET = 8.0;
				LD_RUNPATH_SEARCH_PATHS = "$(inherited) @executable_path/Frameworks";
				PRODUCT_BUNDLE_IDENTIFIER = "me.coder-zjq.JQCollectionViewAlignLayout-Demo";
				PRODUCT_NAME = "$(TARGET_NAME)";
				TARGETED_DEVICE_FAMILY = 1;
			};
			name = Release;
		};
/* End XCBuildConfiguration section */

/* Begin XCConfigurationList section */
		F39370E11FF4ECB400969B22 /* Build configuration list for PBXProject "JQCollectionViewAlignLayout-Demo" */ = {
			isa = XCConfigurationList;
			buildConfigurations = (
				F39370FA1FF4ECB400969B22 /* Debug */,
				F39370FB1FF4ECB400969B22 /* Release */,
			);
			defaultConfigurationIsVisible = 0;
			defaultConfigurationName = Release;
		};
		F39370FC1FF4ECB400969B22 /* Build configuration list for PBXNativeTarget "JQCollectionViewAlignLayout-Demo" */ = {
			isa = XCConfigurationList;
			buildConfigurations = (
				F39370FD1FF4ECB400969B22 /* Debug */,
				F39370FE1FF4ECB400969B22 /* Release */,
			);
			defaultConfigurationIsVisible = 0;
			defaultConfigurationName = Release;
		};
/* End XCConfigurationList section */
	};
	rootObject = F39370DE1FF4ECB400969B22 /* Project object */;
}
